{
  "originHash" : "b7d067de44abc86423a9e9b7ed6f2808068e2f32f6981da8b83e28d96358bc03",
  "pins" : [
    {
      "identity" : "cserrors",
      "kind" : "remoteSourceControl",
      "location" : "https://github.com/CharlesJS/CSErrors",
      "state" : {
        "revision" : "7426dd06aaeedf468b768f77f48b3f52e87abc5d",
        "version" : "2.1.0"
      }
    },
    {
      "identity" : "dataparser",
      "kind" : "remoteSourceControl",
      "location" : "https://github.com/CharlesJS/DataParser",
      "state" : {
        "revision" : "51328a430057a6ae3710046f1582f8d2a25583ca",
        "version" : "0.6.0"
      }
    },
    {
      "identity" : "hfstypeconversion",
      "kind" : "remoteSourceControl",
      "location" : "https://github.com/CharlesJS/HFSTypeConversion",
      "state" : {
        "revision" : "d37a4a73067ff15c7aea575712196780fefe94b6",
        "version" : "0.1.4"
      }
    },
    {
      "identity" : "swift-extras-base64",
      "kind" : "remoteSourceControl",
      "location" : "https://github.com/swift-extras/swift-extras-base64.git",
      "state" : {
        "revision" : "97237cf1bc1feebaeb0febec91c1e1b9e4d839b3",
        "version" : "0.7.0"
      }
    },
    {
      "identity" : "swift-system",
      "kind" : "remoteSourceControl",
      "location" : "https://github.com/apple/swift-system",
      "state" : {
        "revision" : "7502b711c92a17741fa625d722b0ccbd595d8ed1",
        "version" : "1.7.2"
      }
    }
  ],
  "version" : 3
}
