{
  "originHash" : "d7bf2e61711cd5e23cf8baba58b39b9216787b7cb076ac534418728f0b3698be",
  "pins" : [
    {
      "identity" : "cserrors",
      "kind" : "remoteSourceControl",
      "location" : "https://github.com/CharlesJS/CSErrors",
      "state" : {
        "revision" : "7426dd06aaeedf468b768f77f48b3f52e87abc5d",
        "version" : "2.1.0"
      }
    },
    {
      "identity" : "dataparser",
      "kind" : "remoteSourceControl",
      "location" : "https://github.com/CharlesJS/DataParser",
      "state" : {
        "revision" : "51328a430057a6ae3710046f1582f8d2a25583ca",
        "version" : "0.6.0"
      }
    },
    {
      "identity" : "hfstypeconversion",
      "kind" : "remoteSourceControl",
      "location" : "https://github.com/CharlesJS/HFSTypeConversion",
      "state" : {
        "revision" : "d37a4a73067ff15c7aea575712196780fefe94b6",
        "version" : "0.1.4"
      }
    },
    {
      "identity" : "lzfse-swift",
      "kind" : "remoteSourceControl",
      "location" : "https://github.com/CharlesJS/lzfse-swift",
      "state" : {
        "revision" : "01e33efe2b7b112f1a31a90d7735452623d5bab7",
        "version" : "1.0.0"
      }
    },
    {
      "identity" : "swift-extras-base64",
      "kind" : "remoteSourceControl",
      "location" : "https://github.com/swift-extras/swift-extras-base64.git",
      "state" : {
        "revision" : "97237cf1bc1feebaeb0febec91c1e1b9e4d839b3",
        "version" : "0.7.0"
      }
    },
    {
      "identity" : "swift-system",
      "kind" : "remoteSourceControl",
      "location" : "https://github.com/apple/swift-system",
      "state" : {
        "revision" : "50688cacbd41d547e9eb9f7a213542340b7c442b",
        "version" : "1.7.5"
      }
    },
    {
      "identity" : "test-helpers",
      "kind" : "remoteSourceControl",
      "location" : "https://github.com/CharlesJS/test-helpers.git",
      "state" : {
        "revision" : "3d41d8074e3cb1d234a2c2244a2b58e4d7c30aa6",
        "version" : "0.1.2"
      }
    }
  ],
  "version" : 3
}
